
Microsoft Visual Studio Solution File, Format Version 12.00
# Visual Studio 2012
Project("{FAE04EC0-301F-11D3-BF4B-00C04F79EFBC}") = "User_Profile", "User_Profile_MVC\User_Profile.csproj", "{1208F883-6C6E-4B29-8312-B97114D6529A}"
EndProject
Project("{FAE04EC0-301F-11D3-BF4B-00C04F79EFBC}") = "User_Profile.Tests", "User_Profile_MVC.Tests\User_Profile.Tests.csproj", "{43BDA5E0-5850-4D76-848B-7C2CEB6057C3}"
EndProject
Global
	GlobalSection(SolutionConfigurationPlatforms) = preSolution
		Debug|Any CPU = Debug|Any CPU
		Release|Any CPU = Release|Any CPU
	EndGlobalSection
	GlobalSection(ProjectConfigurationPlatforms) = postSolution
		{1208F883-6C6E-4B29-8312-B97114D6529A}.Debug|Any CPU.ActiveCfg = Debug|Any CPU
		{1208F883-6C6E-4B29-8312-B97114D6529A}.Debug|Any CPU.Build.0 = Debug|Any CPU
		{1208F883-6C6E-4B29-8312-B97114D6529A}.Release|Any CPU.ActiveCfg = Release|Any CPU
		{1208F883-6C6E-4B29-8312-B97114D6529A}.Release|Any CPU.Build.0 = Release|Any CPU
		{43BDA5E0-5850-4D76-848B-7C2CEB6057C3}.Debug|Any CPU.ActiveCfg = Debug|Any CPU
		{43BDA5E0-5850-4D76-848B-7C2CEB6057C3}.Debug|Any CPU.Build.0 = Debug|Any CPU
		{43BDA5E0-5850-4D76-848B-7C2CEB6057C3}.Release|Any CPU.ActiveCfg = Release|Any CPU
		{43BDA5E0-5850-4D76-848B-7C2CEB6057C3}.Release|Any CPU.Build.0 = Release|Any CPU
	EndGlobalSection
	GlobalSection(SolutionProperties) = preSolution
		HideSolutionNode = FALSE
	EndGlobalSection
EndGlobal
